
Microsoft Visual Studio Solution File, Format Version 12.00
# Visual Studio Version 17
VisualStudioVersion = 17.13.35919.96 d17.13
MinimumVisualStudioVersion = 10.0.40219.1
Project("{FAE04EC0-301F-11D3-BF4B-00C04F79EFBC}") = "TpAPIRestControladores", "TpAPIRest-Controladores\TpAPIRestControladores.csproj", "{B4977917-2903-44B9-88CC-FF7325D12142}"
EndProject
Global
	GlobalSection(SolutionConfigurationPlatforms) = preSolution
		Debug|Any CPU = Debug|Any CPU
		Release|Any CPU = Release|Any CPU
	EndGlobalSection
	GlobalSection(ProjectConfigurationPlatforms) = postSolution
		{B4977917-2903-44B9-88CC-FF7325D12142}.Debug|Any CPU.ActiveCfg = Debug|Any CPU
		{B4977917-2903-44B9-88CC-FF7325D12142}.Debug|Any CPU.Build.0 = Debug|Any CPU
		{B4977917-2903-44B9-88CC-FF7325D12142}.Release|Any CPU.ActiveCfg = Release|Any CPU
		{B4977917-2903-44B9-88CC-FF7325D12142}.Release|Any CPU.Build.0 = Release|Any CPU
	EndGlobalSection
	GlobalSection(SolutionProperties) = preSolution
		HideSolutionNode = FALSE
	EndGlobalSection
	GlobalSection(ExtensibilityGlobals) = postSolution
		SolutionGuid = {0344D11B-5165-4C28-8963-68C4B736C00B}
	EndGlobalSection
EndGlobal
